
Microsoft Visual Studio Solution File, Format Version 12.00
# Visual Studio Version 17
VisualStudioVersion = 17.7.34003.232
MinimumVisualStudioVersion = 10.0.40219.1
Project("{FAE04EC0-301F-11D3-BF4B-00C04F79EFBC}") = "FoodOrderBE", "FoodOrderBE\FoodOrderBE.csproj", "{19785916-8A83-48AE-99C3-FC49B178160B}"
EndProject
Global
	GlobalSection(SolutionConfigurationPlatforms) = preSolution
		Debug|Any CPU = Debug|Any CPU
		Release|Any CPU = Release|Any CPU
	EndGlobalSection
	GlobalSection(ProjectConfigurationPlatforms) = postSolution
		{19785916-8A83-48AE-99C3-FC49B178160B}.Debug|Any CPU.ActiveCfg = Debug|Any CPU
		{19785916-8A83-48AE-99C3-FC49B178160B}.Debug|Any CPU.Build.0 = Debug|Any CPU
		{19785916-8A83-48AE-99C3-FC49B178160B}.Release|Any CPU.ActiveCfg = Release|Any CPU
		{19785916-8A83-48AE-99C3-FC49B178160B}.Release|Any CPU.Build.0 = Release|Any CPU
	EndGlobalSection
	GlobalSection(SolutionProperties) = preSolution
		HideSolutionNode = FALSE
	EndGlobalSection
	GlobalSection(ExtensibilityGlobals) = postSolution
		SolutionGuid = {9A653E41-F978-429E-9F3C-345291945B44}
	EndGlobalSection
EndGlobal
